
Microsoft Visual Studio Solution File, Format Version 12.00
# Visual Studio Version 16
VisualStudioVersion = 16.0.29911.84
MinimumVisualStudioVersion = 10.0.40219.1
Project("{9A19103F-16F7-4668-BE54-9A1E7A4F7556}") = "GitHubUserListApi", "GitHubUserListApi\GitHubUserListApi.csproj", "{BEFC78DB-F586-474D-B701-5D22555E3CD2}"
EndProject
Project("{FAE04EC0-301F-11D3-BF4B-00C04F79EFBC}") = "GithubUserListApi.Test", "GithubUserListApi.Test\GithubUserListApi.Test.csproj", "{DA572080-92BE-45F0-9C5C-8EFE9B8A663D}"
EndProject
Global
	GlobalSection(SolutionConfigurationPlatforms) = preSolution
		Debug|Any CPU = Debug|Any CPU
		Release|Any CPU = Release|Any CPU
	EndGlobalSection
	GlobalSection(ProjectConfigurationPlatforms) = postSolution
		{BEFC78DB-F586-474D-B701-5D22555E3CD2}.Debug|Any CPU.ActiveCfg = Debug|Any CPU
		{BEFC78DB-F586-474D-B701-5D22555E3CD2}.Debug|Any CPU.Build.0 = Debug|Any CPU
		{BEFC78DB-F586-474D-B701-5D22555E3CD2}.Release|Any CPU.ActiveCfg = Release|Any CPU
		{BEFC78DB-F586-474D-B701-5D22555E3CD2}.Release|Any CPU.Build.0 = Release|Any CPU
		{DA572080-92BE-45F0-9C5C-8EFE9B8A663D}.Debug|Any CPU.ActiveCfg = Debug|Any CPU
		{DA572080-92BE-45F0-9C5C-8EFE9B8A663D}.Debug|Any CPU.Build.0 = Debug|Any CPU
		{DA572080-92BE-45F0-9C5C-8EFE9B8A663D}.Release|Any CPU.ActiveCfg = Release|Any CPU
		{DA572080-92BE-45F0-9C5C-8EFE9B8A663D}.Release|Any CPU.Build.0 = Release|Any CPU
	EndGlobalSection
	GlobalSection(SolutionProperties) = preSolution
		HideSolutionNode = FALSE
	EndGlobalSection
	GlobalSection(ExtensibilityGlobals) = postSolution
		SolutionGuid = {F0704DB9-9389-4014-B6EC-3C82B3BA5C7C}
	EndGlobalSection
EndGlobal
